// !$*UTF8*$!
{
	archiveVersion = 1;
	classes = {
	};
	objectVersion = 46;
	objects = {

/* Begin PBXBuildFile section */
		0A3283501BED4457003BB816 /* txt.icns in Resources */ = {isa = PBXBuildFile; fileRef = 0A32834F1BED4457003BB816 /* txt.icns */; };
		0A7181F71C0A04A300A8F741 /* Localizable.strings in Resources */ = {isa = PBXBuildFile; fileRef = 0A7181F51C0A04A300A8F741 /* Localizable.strings */; };
		0A7181FF1C0A14C600A8F741 /* EmployeesPrintingView.swift in Sources */ = {isa = PBXBuildFile; fileRef = 0A7181FE1C0A14C600A8F741 /* EmployeesPrintingView.swift */; };
		0ADFB8191BE3031C0089984E /* AppDelegate.swift in Sources */ = {isa = PBXBuildFile; fileRef = 0ADFB8181BE3031C0089984E /* AppDelegate.swift */; };
		0ADFB81B1BE3031C0089984E /* Document.swift in Sources */ = {isa = PBXBuildFile; fileRef = 0ADFB81A1BE3031C0089984E /* Document.swift */; };
		0ADFB81E1BE3031C0089984E /* Document.xib in Resources */ = {isa = PBXBuildFile; fileRef = 0ADFB81C1BE3031C0089984E /* Document.xib */; };
		0ADFB8201BE3031C0089984E /* Assets.xcassets in Resources */ = {isa = PBXBuildFile; fileRef = 0ADFB81F1BE3031C0089984E /* Assets.xcassets */; };
		0ADFB8231BE3031C0089984E /* MainMenu.xib in Resources */ = {isa = PBXBuildFile; fileRef = 0ADFB8211BE3031C0089984E /* MainMenu.xib */; };
		0ADFB82B1BE303DD0089984E /* Employee.swift in Sources */ = {isa = PBXBuildFile; fileRef = 0ADFB82A1BE303DD0089984E /* Employee.swift */; };
/* End PBXBuildFile section */

/* Begin PBXFileReference section */
		0A32834F1BED4457003BB816 /* txt.icns */ = {isa = PBXFileReference; lastKnownFileType = image.icns; path = txt.icns; sourceTree = "<group>"; };
		0A7181F61C0A04A300A8F741 /* Base */ = {isa = PBXFileReference; fileEncoding = 10; lastKnownFileType = text.plist.strings; name = Base; path = Base.lproj/Localizable.strings; sourceTree = "<group>"; };
		0A7181F81C0A04C500A8F741 /* en */ = {isa = PBXFileReference; fileEncoding = 10; lastKnownFileType = text.plist.strings; name = en; path = en.lproj/Localizable.strings; sourceTree = "<group>"; };
		0A7181F91C0A04C500A8F741 /* fr */ = {isa = PBXFileReference; fileEncoding = 10; lastKnownFileType = text.plist.strings; name = fr; path = fr.lproj/Localizable.strings; sourceTree = "<group>"; };
		0A7181FD1C0A0BED00A8F741 /* fr */ = {isa = PBXFileReference; fileEncoding = 10; lastKnownFileType = text.plist.strings; name = fr; path = fr.lproj/Document.strings; sourceTree = "<group>"; };
		0A7181FE1C0A14C600A8F741 /* EmployeesPrintingView.swift */ = {isa = PBXFileReference; fileEncoding = 4; lastKnownFileType = sourcecode.swift; path = EmployeesPrintingView.swift; sourceTree = "<group>"; };
		0ADFB8151BE3031C0089984E /* RaiseMan.app */ = {isa = PBXFileReference; explicitFileType = wrapper.application; includeInIndex = 0; path = RaiseMan.app; sourceTree = BUILT_PRODUCTS_DIR; };
		0ADFB8181BE3031C0089984E /* AppDelegate.swift */ = {isa = PBXFileReference; lastKnownFileType = sourcecode.swift; path = AppDelegate.swift; sourceTree = "<group>"; };
		0ADFB81A1BE3031C0089984E /* Document.swift */ = {isa = PBXFileReference; lastKnownFileType = sourcecode.swift; path = Document.swift; sourceTree = "<group>"; };
		0ADFB81D1BE3031C0089984E /* Base */ = {isa = PBXFileReference; lastKnownFileType = file.xib; name = Base; path = Base.lproj/Document.xib; sourceTree = "<group>"; };
		0ADFB81F1BE3031C0089984E /* Assets.xcassets */ = {isa = PBXFileReference; lastKnownFileType = folder.assetcatalog; path = Assets.xcassets; sourceTree = "<group>"; };
		0ADFB8221BE3031C0089984E /* Base */ = {isa = PBXFileReference; lastKnownFileType = file.xib; name = Base; path = Base.lproj/MainMenu.xib; sourceTree = "<group>"; };
		0ADFB8241BE3031C0089984E /* Info.plist */ = {isa = PBXFileReference; lastKnownFileType = text.plist.xml; path = Info.plist; sourceTree = "<group>"; };
		0ADFB82A1BE303DD0089984E /* Employee.swift */ = {isa = PBXFileReference; fileEncoding = 4; lastKnownFileType = sourcecode.swift; path = Employee.swift; sourceTree = "<group>"; };
/* End PBXFileReference section */

/* Begin PBXFrameworksBuildPhase section */
		0ADFB8121BE3031C0089984E /* Frameworks */ = {
			isa = PBXFrameworksBuildPhase;
			buildActionMask = 2147483647;
			files = (
			);
			runOnlyForDeploymentPostprocessing = 0;
		};
/* End PBXFrameworksBuildPhase section */

/* Begin PBXGroup section */
		0A32834E1BED4424003BB816 /* Supporting Files */ = {
			isa = PBXGroup;
			children = (
				0A32834F1BED4457003BB816 /* txt.icns */,
			);
			name = "Supporting Files";
			sourceTree = "<group>";
		};
		0ADFB80C1BE3031C0089984E = {
			isa = PBXGroup;
			children = (
				0ADFB8171BE3031C0089984E /* RaiseMan */,
				0ADFB8161BE3031C0089984E /* Products */,
			);
			sourceTree = "<group>";
		};
		0ADFB8161BE3031C0089984E /* Products */ = {
			isa = PBXGroup;
			children = (
				0ADFB8151BE3031C0089984E /* RaiseMan.app */,
			);
			name = Products;
			sourceTree = "<group>";
		};
		0ADFB8171BE3031C0089984E /* RaiseMan */ = {
			isa = PBXGroup;
			children = (
				0A32834E1BED4424003BB816 /* Supporting Files */,
				0ADFB8181BE3031C0089984E /* AppDelegate.swift */,
				0ADFB81A1BE3031C0089984E /* Document.swift */,
				0ADFB81C1BE3031C0089984E /* Document.xib */,
				0A7181F51C0A04A300A8F741 /* Localizable.strings */,
				0ADFB81F1BE3031C0089984E /* Assets.xcassets */,
				0ADFB8211BE3031C0089984E /* MainMenu.xib */,
				0ADFB8241BE3031C0089984E /* Info.plist */,
				0ADFB82A1BE303DD0089984E /* Employee.swift */,
				0A7181FE1C0A14C600A8F741 /* EmployeesPrintingView.swift */,
			);
			path = RaiseMan;
			sourceTree = "<group>";
		};
/* End PBXGroup section */

/* Begin PBXNativeTarget section */
		0ADFB8141BE3031C0089984E /* RaiseMan */ = {
			isa = PBXNativeTarget;
			buildConfigurationList = 0ADFB8271BE3031C0089984E /* Build configuration list for PBXNativeTarget "RaiseMan" */;
			buildPhases = (
				0ADFB8111BE3031C0089984E /* Sources */,
				0ADFB8121BE3031C0089984E /* Frameworks */,
				0ADFB8131BE3031C0089984E /* Resources */,
			);
			buildRules = (
			);
			dependencies = (
			);
			name = RaiseMan;
			productName = RaiseMan;
			productReference = 0ADFB8151BE3031C0089984E /* RaiseMan.app */;
			productType = "com.apple.product-type.application";
		};
/* End PBXNativeTarget section */

/* Begin PBXProject section */
		0ADFB80D1BE3031C0089984E /* Project object */ = {
			isa = PBXProject;
			attributes = {
				LastSwiftUpdateCheck = 0710;
				LastUpgradeCheck = 0710;
				ORGANIZATIONNAME = "Big Nerd Ranch";
				TargetAttributes = {
					0ADFB8141BE3031C0089984E = {
						CreatedOnToolsVersion = 7.1;
					};
				};
			};
			buildConfigurationList = 0ADFB8101BE3031C0089984E /* Build configuration list for PBXProject "RaiseMan" */;
			compatibilityVersion = "Xcode 3.2";
			developmentRegion = English;
			hasScannedForEncodings = 0;
			knownRegions = (
				en,
				Base,
				fr,
			);
			mainGroup = 0ADFB80C1BE3031C0089984E;
			productRefGroup = 0ADFB8161BE3031C0089984E /* Products */;
			projectDirPath = "";
			projectRoot = "";
			targets = (
				0ADFB8141BE3031C0089984E /* RaiseMan */,
			);
		};
/* End PBXProject section */

/* Begin PBXResourcesBuildPhase section */
		0ADFB8131BE3031C0089984E /* Resources */ = {
			isa = PBXResourcesBuildPhase;
			buildActionMask = 2147483647;
			files = (
				0A7181F71C0A04A300A8F741 /* Localizable.strings in Resources */,
				0ADFB8201BE3031C0089984E /* Assets.xcassets in Resources */,
				0ADFB81E1BE3031C0089984E /* Document.xib in Resources */,
				0ADFB8231BE3031C0089984E /* MainMenu.xib in Resources */,
				0A3283501BED4457003BB816 /* txt.icns in Resources */,
			);
			runOnlyForDeploymentPostprocessing = 0;
		};
/* End PBXResourcesBuildPhase section */

/* Begin PBXSourcesBuildPhase section */
		0ADFB8111BE3031C0089984E /* Sources */ = {
			isa = PBXSourcesBuildPhase;
			buildActionMask = 2147483647;
			files = (
				0ADFB81B1BE3031C0089984E /* Document.swift in Sources */,
				0ADFB82B1BE303DD0089984E /* Employee.swift in Sources */,
				0ADFB8191BE3031C0089984E /* AppDelegate.swift in Sources */,
				0A7181FF1C0A14C600A8F741 /* EmployeesPrintingView.swift in Sources */,
			);
			runOnlyForDeploymentPostprocessing = 0;
		};
/* End PBXSourcesBuildPhase section */

/* Begin PBXVariantGroup section */
		0A7181F51C0A04A300A8F741 /* Localizable.strings */ = {
			isa = PBXVariantGroup;
			children = (
				0A7181F61C0A04A300A8F741 /* Base */,
				0A7181F81C0A04C500A8F741 /* en */,
				0A7181F91C0A04C500A8F741 /* fr */,
			);
			name = Localizable.strings;
			sourceTree = "<group>";
		};
		0ADFB81C1BE3031C0089984E /* Document.xib */ = {
			isa = PBXVariantGroup;
			children = (
				0ADFB81D1BE3031C0089984E /* Base */,
				0A7181FD1C0A0BED00A8F741 /* fr */,
			);
			name = Document.xib;
			sourceTree = "<group>";
		};
		0ADFB8211BE3031C0089984E /* MainMenu.xib */ = {
			isa = PBXVariantGroup;
			children = (
				0ADFB8221BE3031C0089984E /* Base */,
			);
			name = MainMenu.xib;
			sourceTree = "<group>";
		};
/* End PBXVariantGroup section */

/* Begin XCBuildConfiguration section */
		0ADFB8251BE3031C0089984E /* Debug */ = {
			isa = XCBuildConfiguration;
			buildSettings = {
				ALWAYS_SEARCH_USER_PATHS = NO;
				CLANG_CXX_LANGUAGE_STANDARD = "gnu++0x";
				CLANG_CXX_LIBRARY = "libc++";
				CLANG_ENABLE_MODULES = YES;
				CLANG_ENABLE_OBJC_ARC = YES;
				CLANG_WARN_BOOL_CONVERSION = YES;
				CLANG_WARN_CONSTANT_CONVERSION = YES;
				CLANG_WARN_DIRECT_OBJC_ISA_USAGE = YES_ERROR;
				CLANG_WARN_EMPTY_BODY = YES;
				CLANG_WARN_ENUM_CONVERSION = YES;
				CLANG_WARN_INT_CONVERSION = YES;
				CLANG_WARN_OBJC_ROOT_CLASS = YES_ERROR;
				CLANG_WARN_UNREACHABLE_CODE = YES;
				CLANG_WARN__DUPLICATE_METHOD_MATCH = YES;
				CODE_SIGN_IDENTITY = "-";
				COPY_PHASE_STRIP = NO;
				DEBUG_INFORMATION_FORMAT = dwarf;
				ENABLE_STRICT_OBJC_MSGSEND = YES;
				ENABLE_TESTABILITY = YES;
				GCC_C_LANGUAGE_STANDARD = gnu99;
				GCC_DYNAMIC_NO_PIC = NO;
				GCC_NO_COMMON_BLOCKS = YES;
				GCC_OPTIMIZATION_LEVEL = 0;
				GCC_PREPROCESSOR_DEFINITIONS = (
					"DEBUG=1",
					"$(inherited)",
				);
				GCC_WARN_64_TO_32_BIT_CONVERSION = YES;
				GCC_WARN_ABOUT_RETURN_TYPE = YES_ERROR;
				GCC_WARN_UNDECLARED_SELECTOR = YES;
				GCC_WARN_UNINITIALIZED_AUTOS = YES_AGGRESSIVE;
				GCC_WARN_UNUSED_FUNCTION = YES;
				GCC_WARN_UNUSED_VARIABLE = YES;
				MACOSX_DEPLOYMENT_TARGET = 10.11;
				MTL_ENABLE_DEBUG_INFO = YES;
				ONLY_ACTIVE_ARCH = YES;
				SDKROOT = macosx;
				SWIFT_OPTIMIZATION_LEVEL = "-Onone";
			};
			name = Debug;
		};
		0ADFB8261BE3031C0089984E /* Release */ = {
			isa = XCBuildConfiguration;
			buildSettings = {
				ALWAYS_SEARCH_USER_PATHS = NO;
				CLANG_CXX_LANGUAGE_STANDARD = "gnu++0x";
				CLANG_CXX_LIBRARY = "libc++";
				CLANG_ENABLE_MODULES = YES;
				CLANG_ENABLE_OBJC_ARC = YES;
				CLANG_WARN_BOOL_CONVERSION = YES;
				CLANG_WARN_CONSTANT_CONVERSION = YES;
				CLANG_WARN_DIRECT_OBJC_ISA_USAGE = YES_ERROR;
				CLANG_WARN_EMPTY_BODY = YES;
				CLANG_WARN_ENUM_CONVERSION = YES;
				CLANG_WARN_INT_CONVERSION = YES;
				CLANG_WARN_OBJC_ROOT_CLASS = YES_ERROR;
				CLANG_WARN_UNREACHABLE_CODE = YES;
				CLANG_WARN__DUPLICATE_METHOD_MATCH = YES;
				CODE_SIGN_IDENTITY = "-";
				COPY_PHASE_STRIP = NO;
				DEBUG_INFORMATION_FORMAT = "dwarf-with-dsym";
				ENABLE_NS_ASSERTIONS = NO;
				ENABLE_STRICT_OBJC_MSGSEND = YES;
				GCC_C_LANGUAGE_STANDARD = gnu99;
				GCC_NO_COMMON_BLOCKS = YES;
				GCC_WARN_64_TO_32_BIT_CONVERSION = YES;
				GCC_WARN_ABOUT_RETURN_TYPE = YES_ERROR;
				GCC_WARN_UNDECLARED_SELECTOR = YES;
				GCC_WARN_UNINITIALIZED_AUTOS = YES_AGGRESSIVE;
				GCC_WARN_UNUSED_FUNCTION = YES;
				GCC_WARN_UNUSED_VARIABLE = YES;
				MACOSX_DEPLOYMENT_TARGET = 10.11;
				MTL_ENABLE_DEBUG_INFO = NO;
				SDKROOT = macosx;
			};
			name = Release;
		};
		0ADFB8281BE3031C0089984E /* Debug */ = {
			isa = XCBuildConfiguration;
			buildSettings = {
				ASSETCATALOG_COMPILER_APPICON_NAME = AppIcon;
				COMBINE_HIDPI_IMAGES = YES;
				INFOPLIST_FILE = RaiseMan/Info.plist;
				LD_RUNPATH_SEARCH_PATHS = "$(inherited) @executable_path/../Frameworks";
				PRODUCT_BUNDLE_IDENTIFIER = com.bignerdranch.RaiseMan;
				PRODUCT_NAME = "$(TARGET_NAME)";
			};
			name = Debug;
		};
		0ADFB8291BE3031C0089984E /* Release */ = {
			isa = XCBuildConfiguration;
			buildSettings = {
				ASSETCATALOG_COMPILER_APPICON_NAME = AppIcon;
				COMBINE_HIDPI_IMAGES = YES;
				INFOPLIST_FILE = RaiseMan/Info.plist;
				LD_RUNPATH_SEARCH_PATHS = "$(inherited) @executable_path/../Frameworks";
				PRODUCT_BUNDLE_IDENTIFIER = com.bignerdranch.RaiseMan;
				PRODUCT_NAME = "$(TARGET_NAME)";
			};
			name = Release;
		};
/* End XCBuildConfiguration section */

/* Begin XCConfigurationList section */
		0ADFB8101BE3031C0089984E /* Build configuration list for PBXProject "RaiseMan" */ = {
			isa = XCConfigurationList;
			buildConfigurations = (
				0ADFB8251BE3031C0089984E /* Debug */,
				0ADFB8261BE3031C0089984E /* Release */,
			);
			defaultConfigurationIsVisible = 0;
			defaultConfigurationName = Release;
		};
		0ADFB8271BE3031C0089984E /* Build configuration list for PBXNativeTarget "RaiseMan" */ = {
			isa = XCConfigurationList;
			buildConfigurations = (
				0ADFB8281BE3031C0089984E /* Debug */,
				0ADFB8291BE3031C0089984E /* Release */,
			);
			defaultConfigurationIsVisible = 0;
			defaultConfigurationName = Release;
		};
/* End XCConfigurationList section */
	};
	rootObject = 0ADFB80D1BE3031C0089984E /* Project object */;
}
